
Microsoft Visual Studio Solution File, Format Version 12.00
# Visual Studio Version 17
VisualStudioVersion = 17.11.35312.102
MinimumVisualStudioVersion = 10.0.40219.1
Project("{FAE04EC0-301F-11D3-BF4B-00C04F79EFBC}") = "game", "game\game.csproj", "{CEE43ED8-24D1-4B4E-9858-1151E8300B55}"
EndProject
Global
	GlobalSection(SolutionConfigurationPlatforms) = preSolution
		Debug|Any CPU = Debug|Any CPU
		Release|Any CPU = Release|Any CPU
	EndGlobalSection
	GlobalSection(ProjectConfigurationPlatforms) = postSolution
		{CEE43ED8-24D1-4B4E-9858-1151E8300B55}.Debug|Any CPU.ActiveCfg = Debug|Any CPU
		{CEE43ED8-24D1-4B4E-9858-1151E8300B55}.Debug|Any CPU.Build.0 = Debug|Any CPU
		{CEE43ED8-24D1-4B4E-9858-1151E8300B55}.Release|Any CPU.ActiveCfg = Release|Any CPU
		{CEE43ED8-24D1-4B4E-9858-1151E8300B55}.Release|Any CPU.Build.0 = Release|Any CPU
	EndGlobalSection
	GlobalSection(SolutionProperties) = preSolution
		HideSolutionNode = FALSE
	EndGlobalSection
	GlobalSection(ExtensibilityGlobals) = postSolution
		SolutionGuid = {C1837E62-0888-4853-AACD-6225DE41681D}
	EndGlobalSection
EndGlobal
